
Microsoft Visual Studio Solution File, Format Version 12.00
# Visual Studio 15
VisualStudioVersion = 15.0.28307.421
MinimumVisualStudioVersion = 10.0.40219.1
Project("{FAE04EC0-301F-11D3-BF4B-00C04F79EFBC}") = "ColorMoveUI", "ColorMoveUI\ColorMoveUI.csproj", "{EAE04696-924E-4DDF-9654-1ED0787F5E6B}"
EndProject
Global
	GlobalSection(SolutionConfigurationPlatforms) = preSolution
		Debug|Any CPU = Debug|Any CPU
		Debug|x64 = Debug|x64
		Release|Any CPU = Release|Any CPU
		Release|x64 = Release|x64
	EndGlobalSection
	GlobalSection(ProjectConfigurationPlatforms) = postSolution
		{EAE04696-924E-4DDF-9654-1ED0787F5E6B}.Debug|Any CPU.ActiveCfg = Debug|Any CPU
		{EAE04696-924E-4DDF-9654-1ED0787F5E6B}.Debug|Any CPU.Build.0 = Debug|Any CPU
		{EAE04696-924E-4DDF-9654-1ED0787F5E6B}.Debug|x64.ActiveCfg = Debug|x64
		{EAE04696-924E-4DDF-9654-1ED0787F5E6B}.Debug|x64.Build.0 = Debug|x64
		{EAE04696-924E-4DDF-9654-1ED0787F5E6B}.Release|Any CPU.ActiveCfg = Release|Any CPU
		{EAE04696-924E-4DDF-9654-1ED0787F5E6B}.Release|Any CPU.Build.0 = Release|Any CPU
		{EAE04696-924E-4DDF-9654-1ED0787F5E6B}.Release|x64.ActiveCfg = Release|x64
		{EAE04696-924E-4DDF-9654-1ED0787F5E6B}.Release|x64.Build.0 = Release|x64
	EndGlobalSection
	GlobalSection(SolutionProperties) = preSolution
		HideSolutionNode = FALSE
	EndGlobalSection
	GlobalSection(ExtensibilityGlobals) = postSolution
		SolutionGuid = {EC273BB1-AA1E-4D62-AC8B-E50FBD873C92}
	EndGlobalSection
EndGlobal
